{
  "name": "vue",
  "lockfileVersion": 3,
  "requires": true,
  "packages": {
    "": {
      "dependencies": {
        "debug-log": "^2.0.0"
      }
    },
    "node_modules/debug-log": {
      "version": "2.0.0",
      "resolved": "https://registry.npmjs.org/debug-log/-/debug-log-2.0.0.tgz",
      "integrity": "sha512-UOfiaU2qYyF6xOn9nBcUXaYWdLFYCBYenivXps2FJnLh/L0XGHQSgkTStTkmc/nIxjHJEdJ8+jdadwN8iaa3Iw==",
      "deprecated": "This package is no longer relevant as Node.js 0.12 is unmaintained.",
      "engines": {
        "node": ">=0.10.0"
      }
    }
  }
}
